Microsoft Visual Studio Solution File, Format Version 9.00
# Visual Studio 2005
Project("{8BC9CEB8-8B4A-11D0-8D11-00A0C91BC942}") = "silex", "silex.vcproj", "{3D443B05-403C-4907-8F50-DC396DB6BB23}"
	ProjectSection(ProjectDependencies) = postProject
		{20BFB7B0-9F43-43BB-B188-555DEA431CDF} = {20BFB7B0-9F43-43BB-B188-555DEA431CDF}
	EndProjectSection
EndProject
Project("{8BC9CEB8-8B4A-11D0-8D11-00A0C91BC942}") = "Silo", "Silo.vcproj", "{20BFB7B0-9F43-43BB-B188-555DEA431CDF}"
	ProjectSection(ProjectDependencies) = postProject
		{17857422-AD82-4D37-A5AF-94C4556935D0} = {17857422-AD82-4D37-A5AF-94C4556935D0}
	EndProjectSection
EndProject
Project("{8BC9CEB8-8B4A-11D0-8D11-00A0C91BC942}") = "pdb_detect", "pdb_detect\pdb_detect.vcproj", "{17857422-AD82-4D37-A5AF-94C4556935D0}"
EndProject
Global
	GlobalSection(SolutionConfigurationPlatforms) = preSolution
		DLL_Debug|Win32 = DLL_Debug|Win32
		DLL_Debug|x64 = DLL_Debug|x64
		DLL_Release|Win32 = DLL_Release|Win32
		DLL_Release|x64 = DLL_Release|x64
		DLLwithHDF5_Debug|Win32 = DLLwithHDF5_Debug|Win32
		DLLwithHDF5_Debug|x64 = DLLwithHDF5_Debug|x64
		DLLwithHDF5_Release|Win32 = DLLwithHDF5_Release|Win32
		DLLwithHDF5_Release|x64 = DLLwithHDF5_Release|x64
		Release|Win32 = Release|Win32
		Release|x64 = Release|x64
		StaticLib_Debug|Win32 = StaticLib_Debug|Win32
		StaticLib_Debug|x64 = StaticLib_Debug|x64
		StaticLib_Release|Win32 = StaticLib_Release|Win32
		StaticLib_Release|x64 = StaticLib_Release|x64
		StaticLibwithHDF5_Debug|Win32 = StaticLibwithHDF5_Debug|Win32
		StaticLibwithHDF5_Debug|x64 = StaticLibwithHDF5_Debug|x64
		StaticLibwithHDF5_Release|Win32 = StaticLibwithHDF5_Release|Win32
		StaticLibwithHDF5_Release|x64 = StaticLibwithHDF5_Release|x64
	EndGlobalSection
	GlobalSection(ProjectConfigurationPlatforms) = postSolution
		{3D443B05-403C-4907-8F50-DC396DB6BB23}.DLL_Debug|Win32.ActiveCfg = DLL_Debug|Win32
		{3D443B05-403C-4907-8F50-DC396DB6BB23}.DLL_Debug|Win32.Build.0 = DLL_Debug|Win32
		{3D443B05-403C-4907-8F50-DC396DB6BB23}.DLL_Debug|x64.ActiveCfg = DLL_Debug|x64
		{3D443B05-403C-4907-8F50-DC396DB6BB23}.DLL_Debug|x64.Build.0 = DLL_Debug|x64
		{3D443B05-403C-4907-8F50-DC396DB6BB23}.DLL_Release|Win32.ActiveCfg = DLL_Release|Win32
		{3D443B05-403C-4907-8F50-DC396DB6BB23}.DLL_Release|Win32.Build.0 = DLL_Release|Win32
		{3D443B05-403C-4907-8F50-DC396DB6BB23}.DLL_Release|x64.ActiveCfg = DLL_Release|x64
		{3D443B05-403C-4907-8F50-DC396DB6BB23}.DLL_Release|x64.Build.0 = DLL_Release|x64
		{3D443B05-403C-4907-8F50-DC396DB6BB23}.DLLwithHDF5_Debug|Win32.ActiveCfg = DLLwithHDF5_Debug|Win32
		{3D443B05-403C-4907-8F50-DC396DB6BB23}.DLLwithHDF5_Debug|Win32.Build.0 = DLLwithHDF5_Debug|Win32
		{3D443B05-403C-4907-8F50-DC396DB6BB23}.DLLwithHDF5_Debug|x64.ActiveCfg = DLLwithHDF5_Debug|x64
		{3D443B05-403C-4907-8F50-DC396DB6BB23}.DLLwithHDF5_Debug|x64.Build.0 = DLLwithHDF5_Debug|x64
		{3D443B05-403C-4907-8F50-DC396DB6BB23}.DLLwithHDF5_Release|Win32.ActiveCfg = DLLwithHDF5_Release|Win32
		{3D443B05-403C-4907-8F50-DC396DB6BB23}.DLLwithHDF5_Release|Win32.Build.0 = DLLwithHDF5_Release|Win32
		{3D443B05-403C-4907-8F50-DC396DB6BB23}.DLLwithHDF5_Release|x64.ActiveCfg = DLLwithHDF5_Release|x64
		{3D443B05-403C-4907-8F50-DC396DB6BB23}.DLLwithHDF5_Release|x64.Build.0 = DLLwithHDF5_Release|x64
		{3D443B05-403C-4907-8F50-DC396DB6BB23}.Release|Win32.ActiveCfg = StaticLib_Release|Win32
		{3D443B05-403C-4907-8F50-DC396DB6BB23}.Release|x64.ActiveCfg = StaticLib_Release|x64
		{3D443B05-403C-4907-8F50-DC396DB6BB23}.Release|x64.Build.0 = StaticLib_Release|x64
		{3D443B05-403C-4907-8F50-DC396DB6BB23}.StaticLib_Debug|Win32.ActiveCfg = StaticLib_Debug|Win32
		{3D443B05-403C-4907-8F50-DC396DB6BB23}.StaticLib_Debug|Win32.Build.0 = StaticLib_Debug|Win32
		{3D443B05-403C-4907-8F50-DC396DB6BB23}.StaticLib_Debug|x64.ActiveCfg = StaticLib_Debug|x64
		{3D443B05-403C-4907-8F50-DC396DB6BB23}.StaticLib_Debug|x64.Build.0 = StaticLib_Debug|x64
		{3D443B05-403C-4907-8F50-DC396DB6BB23}.StaticLib_Release|Win32.ActiveCfg = StaticLib_Release|Win32
		{3D443B05-403C-4907-8F50-DC396DB6BB23}.StaticLib_Release|Win32.Build.0 = StaticLib_Release|Win32
		{3D443B05-403C-4907-8F50-DC396DB6BB23}.StaticLib_Release|x64.ActiveCfg = StaticLib_Release|x64
		{3D443B05-403C-4907-8F50-DC396DB6BB23}.StaticLib_Release|x64.Build.0 = StaticLib_Release|x64
		{3D443B05-403C-4907-8F50-DC396DB6BB23}.StaticLibwithHDF5_Debug|Win32.ActiveCfg = StaticLibwithHDF5_Debug|Win32
		{3D443B05-403C-4907-8F50-DC396DB6BB23}.StaticLibwithHDF5_Debug|Win32.Build.0 = StaticLibwithHDF5_Debug|Win32
		{3D443B05-403C-4907-8F50-DC396DB6BB23}.StaticLibwithHDF5_Debug|x64.ActiveCfg = StaticLibwithHDF5_Debug|x64
		{3D443B05-403C-4907-8F50-DC396DB6BB23}.StaticLibwithHDF5_Debug|x64.Build.0 = StaticLibwithHDF5_Debug|x64
		{3D443B05-403C-4907-8F50-DC396DB6BB23}.StaticLibwithHDF5_Release|Win32.ActiveCfg = StaticLibwithHDF5_Release|Win32
		{3D443B05-403C-4907-8F50-DC396DB6BB23}.StaticLibwithHDF5_Release|Win32.Build.0 = StaticLibwithHDF5_Release|Win32
		{3D443B05-403C-4907-8F50-DC396DB6BB23}.StaticLibwithHDF5_Release|x64.ActiveCfg = StaticLibwithHDF5_Release|x64
		{3D443B05-403C-4907-8F50-DC396DB6BB23}.StaticLibwithHDF5_Release|x64.Build.0 = StaticLibwithHDF5_Release|x64
		{20BFB7B0-9F43-43BB-B188-555DEA431CDF}.DLL_Debug|Win32.ActiveCfg = DLL_Debug|Win32
		{20BFB7B0-9F43-43BB-B188-555DEA431CDF}.DLL_Debug|Win32.Build.0 = DLL_Debug|Win32
		{20BFB7B0-9F43-43BB-B188-555DEA431CDF}.DLL_Debug|x64.ActiveCfg = DLL_Debug|x64
		{20BFB7B0-9F43-43BB-B188-555DEA431CDF}.DLL_Debug|x64.Build.0 = DLL_Debug|x64
		{20BFB7B0-9F43-43BB-B188-555DEA431CDF}.DLL_Release|Win32.ActiveCfg = DLL_Release|Win32
		{20BFB7B0-9F43-43BB-B188-555DEA431CDF}.DLL_Release|Win32.Build.0 = DLL_Release|Win32
		{20BFB7B0-9F43-43BB-B188-555DEA431CDF}.DLL_Release|x64.ActiveCfg = DLL_Release|x64
		{20BFB7B0-9F43-43BB-B188-555DEA431CDF}.DLL_Release|x64.Build.0 = DLL_Release|x64
		{20BFB7B0-9F43-43BB-B188-555DEA431CDF}.DLLwithHDF5_Debug|Win32.ActiveCfg = DLLwithHDF5_Debug|Win32
		{20BFB7B0-9F43-43BB-B188-555DEA431CDF}.DLLwithHDF5_Debug|Win32.Build.0 = DLLwithHDF5_Debug|Win32
		{20BFB7B0-9F43-43BB-B188-555DEA431CDF}.DLLwithHDF5_Debug|x64.ActiveCfg = DLLwithHDF5_Debug|x64
		{20BFB7B0-9F43-43BB-B188-555DEA431CDF}.DLLwithHDF5_Debug|x64.Build.0 = DLLwithHDF5_Debug|x64
		{20BFB7B0-9F43-43BB-B188-555DEA431CDF}.DLLwithHDF5_Release|Win32.ActiveCfg = DLLwithHDF5_Release|Win32
		{20BFB7B0-9F43-43BB-B188-555DEA431CDF}.DLLwithHDF5_Release|Win32.Build.0 = DLLwithHDF5_Release|Win32
		{20BFB7B0-9F43-43BB-B188-555DEA431CDF}.DLLwithHDF5_Release|x64.ActiveCfg = DLLwithHDF5_Release|x64
		{20BFB7B0-9F43-43BB-B188-555DEA431CDF}.DLLwithHDF5_Release|x64.Build.0 = DLLwithHDF5_Release|x64
		{20BFB7B0-9F43-43BB-B188-555DEA431CDF}.Release|Win32.ActiveCfg = StaticLibwithHDF5_Release|Win32
		{20BFB7B0-9F43-43BB-B188-555DEA431CDF}.Release|x64.ActiveCfg = StaticLib_Release|x64
		{20BFB7B0-9F43-43BB-B188-555DEA431CDF}.Release|x64.Build.0 = StaticLib_Release|x64
		{20BFB7B0-9F43-43BB-B188-555DEA431CDF}.StaticLib_Debug|Win32.ActiveCfg = StaticLib_Debug|Win32
		{20BFB7B0-9F43-43BB-B188-555DEA431CDF}.StaticLib_Debug|Win32.Build.0 = StaticLib_Debug|Win32
		{20BFB7B0-9F43-43BB-B188-555DEA431CDF}.StaticLib_Debug|x64.ActiveCfg = StaticLib_Debug|x64
		{20BFB7B0-9F43-43BB-B188-555DEA431CDF}.StaticLib_Debug|x64.Build.0 = StaticLib_Debug|x64
		{20BFB7B0-9F43-43BB-B188-555DEA431CDF}.StaticLib_Release|Win32.ActiveCfg = StaticLib_Release|Win32
		{20BFB7B0-9F43-43BB-B188-555DEA431CDF}.StaticLib_Release|Win32.Build.0 = StaticLib_Release|Win32
		{20BFB7B0-9F43-43BB-B188-555DEA431CDF}.StaticLib_Release|x64.ActiveCfg = StaticLib_Release|x64
		{20BFB7B0-9F43-43BB-B188-555DEA431CDF}.StaticLib_Release|x64.Build.0 = StaticLib_Release|x64
		{20BFB7B0-9F43-43BB-B188-555DEA431CDF}.StaticLibwithHDF5_Debug|Win32.ActiveCfg = StaticLibwithHDF5_Debug|Win32
		{20BFB7B0-9F43-43BB-B188-555DEA431CDF}.StaticLibwithHDF5_Debug|Win32.Build.0 = StaticLibwithHDF5_Debug|Win32
		{20BFB7B0-9F43-43BB-B188-555DEA431CDF}.StaticLibwithHDF5_Debug|x64.ActiveCfg = StaticLibwithHDF5_Debug|x64
		{20BFB7B0-9F43-43BB-B188-555DEA431CDF}.StaticLibwithHDF5_Debug|x64.Build.0 = StaticLibwithHDF5_Debug|x64
		{20BFB7B0-9F43-43BB-B188-555DEA431CDF}.StaticLibwithHDF5_Release|Win32.ActiveCfg = StaticLibwithHDF5_Release|Win32
		{20BFB7B0-9F43-43BB-B188-555DEA431CDF}.StaticLibwithHDF5_Release|Win32.Build.0 = StaticLibwithHDF5_Release|Win32
		{20BFB7B0-9F43-43BB-B188-555DEA431CDF}.StaticLibwithHDF5_Release|x64.ActiveCfg = StaticLibwithHDF5_Release|x64
		{20BFB7B0-9F43-43BB-B188-555DEA431CDF}.StaticLibwithHDF5_Release|x64.Build.0 = StaticLibwithHDF5_Release|x64
		{17857422-AD82-4D37-A5AF-94C4556935D0}.DLL_Debug|Win32.ActiveCfg = Release|Win32
		{17857422-AD82-4D37-A5AF-94C4556935D0}.DLL_Debug|Win32.Build.0 = Release|Win32
		{17857422-AD82-4D37-A5AF-94C4556935D0}.DLL_Debug|x64.ActiveCfg = Release|x64
		{17857422-AD82-4D37-A5AF-94C4556935D0}.DLL_Debug|x64.Build.0 = Release|x64
		{17857422-AD82-4D37-A5AF-94C4556935D0}.DLL_Release|Win32.ActiveCfg = Release|Win32
		{17857422-AD82-4D37-A5AF-94C4556935D0}.DLL_Release|Win32.Build.0 = Release|Win32
		{17857422-AD82-4D37-A5AF-94C4556935D0}.DLL_Release|x64.ActiveCfg = Release|x64
		{17857422-AD82-4D37-A5AF-94C4556935D0}.DLL_Release|x64.Build.0 = Release|x64
		{17857422-AD82-4D37-A5AF-94C4556935D0}.DLLwithHDF5_Debug|Win32.ActiveCfg = Release|Win32
		{17857422-AD82-4D37-A5AF-94C4556935D0}.DLLwithHDF5_Debug|Win32.Build.0 = Release|Win32
		{17857422-AD82-4D37-A5AF-94C4556935D0}.DLLwithHDF5_Debug|x64.ActiveCfg = Release|x64
		{17857422-AD82-4D37-A5AF-94C4556935D0}.DLLwithHDF5_Debug|x64.Build.0 = Release|x64
		{17857422-AD82-4D37-A5AF-94C4556935D0}.DLLwithHDF5_Release|Win32.ActiveCfg = Release|Win32
		{17857422-AD82-4D37-A5AF-94C4556935D0}.DLLwithHDF5_Release|Win32.Build.0 = Release|Win32
		{17857422-AD82-4D37-A5AF-94C4556935D0}.DLLwithHDF5_Release|x64.ActiveCfg = Release|x64
		{17857422-AD82-4D37-A5AF-94C4556935D0}.DLLwithHDF5_Release|x64.Build.0 = Release|x64
		{17857422-AD82-4D37-A5AF-94C4556935D0}.Release|Win32.ActiveCfg = Release|Win32
		{17857422-AD82-4D37-A5AF-94C4556935D0}.Release|Win32.Build.0 = Release|Win32
		{17857422-AD82-4D37-A5AF-94C4556935D0}.Release|x64.ActiveCfg = Release|x64
		{17857422-AD82-4D37-A5AF-94C4556935D0}.Release|x64.Build.0 = Release|x64
		{17857422-AD82-4D37-A5AF-94C4556935D0}.StaticLib_Debug|Win32.ActiveCfg = Release|Win32
		{17857422-AD82-4D37-A5AF-94C4556935D0}.StaticLib_Debug|Win32.Build.0 = Release|Win32
		{17857422-AD82-4D37-A5AF-94C4556935D0}.StaticLib_Debug|x64.ActiveCfg = Release|x64
		{17857422-AD82-4D37-A5AF-94C4556935D0}.StaticLib_Debug|x64.Build.0 = Release|x64
		{17857422-AD82-4D37-A5AF-94C4556935D0}.StaticLib_Release|Win32.ActiveCfg = Release|Win32
		{17857422-AD82-4D37-A5AF-94C4556935D0}.StaticLib_Release|Win32.Build.0 = Release|Win32
		{17857422-AD82-4D37-A5AF-94C4556935D0}.StaticLib_Release|x64.ActiveCfg = Release|x64
		{17857422-AD82-4D37-A5AF-94C4556935D0}.StaticLib_Release|x64.Build.0 = Release|x64
		{17857422-AD82-4D37-A5AF-94C4556935D0}.StaticLibwithHDF5_Debug|Win32.ActiveCfg = Release|Win32
		{17857422-AD82-4D37-A5AF-94C4556935D0}.StaticLibwithHDF5_Debug|Win32.Build.0 = Release|Win32
		{17857422-AD82-4D37-A5AF-94C4556935D0}.StaticLibwithHDF5_Debug|x64.ActiveCfg = Release|x64
		{17857422-AD82-4D37-A5AF-94C4556935D0}.StaticLibwithHDF5_Debug|x64.Build.0 = Release|x64
		{17857422-AD82-4D37-A5AF-94C4556935D0}.StaticLibwithHDF5_Release|Win32.ActiveCfg = Release|Win32
		{17857422-AD82-4D37-A5AF-94C4556935D0}.StaticLibwithHDF5_Release|Win32.Build.0 = Release|Win32
		{17857422-AD82-4D37-A5AF-94C4556935D0}.StaticLibwithHDF5_Release|x64.ActiveCfg = Release|x64
		{17857422-AD82-4D37-A5AF-94C4556935D0}.StaticLibwithHDF5_Release|x64.Build.0 = Release|x64
	EndGlobalSection
	GlobalSection(SolutionProperties) = preSolution
		HideSolutionNode = FALSE
	EndGlobalSection
EndGlobal
